// !$*UTF8*$!
{
	archiveVersion = 1;
	classes = {
	};
	objectVersion = 48;
	objects = {

/* Begin PBXBuildFile section */
		731154E12051817000514B6C /* DroppablePin.swift in Sources */ = {isa = PBXBuildFile; fileRef = 731154E02051817000514B6C /* DroppablePin.swift */; };
		73312F0720545EE0003D1885 /* Constants.swift in Sources */ = {isa = PBXBuildFile; fileRef = 73312F0620545EE0003D1885 /* Constants.swift */; };
		73312F0920545EFC003D1885 /* PhotoCell.swift in Sources */ = {isa = PBXBuildFile; fileRef = 73312F0820545EFC003D1885 /* PhotoCell.swift */; };
		7335D31C204E2F86009E9207 /* AppDelegate.swift in Sources */ = {isa = PBXBuildFile; fileRef = 7335D31B204E2F86009E9207 /* AppDelegate.swift */; };
		7335D31E204E2F86009E9207 /* MapVC.swift in Sources */ = {isa = PBXBuildFile; fileRef = 7335D31D204E2F86009E9207 /* MapVC.swift */; };
		7335D321204E2F86009E9207 /* Main.storyboard in Resources */ = {isa = PBXBuildFile; fileRef = 7335D31F204E2F86009E9207 /* Main.storyboard */; };
		7335D323204E2F86009E9207 /* Assets.xcassets in Resources */ = {isa = PBXBuildFile; fileRef = 7335D322204E2F86009E9207 /* Assets.xcassets */; };
		7335D326204E2F86009E9207 /* LaunchScreen.storyboard in Resources */ = {isa = PBXBuildFile; fileRef = 7335D324204E2F86009E9207 /* LaunchScreen.storyboard */; };
		73CDBB70205BFD6600933763 /* PopVC.swift in Sources */ = {isa = PBXBuildFile; fileRef = 73CDBB6F205BFD6600933763 /* PopVC.swift */; };
		8894DA2C13D4C5A5DBC36E18 /* Pods_Pixel_City.framework in Frameworks */ = {isa = PBXBuildFile; fileRef = B2025E62F6238956A317EBFC /* Pods_Pixel_City.framework */; };
/* End PBXBuildFile section */

/* Begin PBXFileReference section */
		731154E02051817000514B6C /* DroppablePin.swift */ = {isa = PBXFileReference; lastKnownFileType = sourcecode.swift; path = DroppablePin.swift; sourceTree = "<group>"; };
		73312F0620545EE0003D1885 /* Constants.swift */ = {isa = PBXFileReference; lastKnownFileType = sourcecode.swift; path = Constants.swift; sourceTree = "<group>"; };
		73312F0820545EFC003D1885 /* PhotoCell.swift */ = {isa = PBXFileReference; lastKnownFileType = sourcecode.swift; path = PhotoCell.swift; sourceTree = "<group>"; };
		7335D318204E2F86009E9207 /* Pixel-City.app */ = {isa = PBXFileReference; explicitFileType = wrapper.application; includeInIndex = 0; path = "Pixel-City.app"; sourceTree = BUILT_PRODUCTS_DIR; };
		7335D31B204E2F86009E9207 /* AppDelegate.swift */ = {isa = PBXFileReference; lastKnownFileType = sourcecode.swift; path = AppDelegate.swift; sourceTree = "<group>"; };
		7335D31D204E2F86009E9207 /* MapVC.swift */ = {isa = PBXFileReference; lastKnownFileType = sourcecode.swift; path = MapVC.swift; sourceTree = "<group>"; };
		7335D320204E2F86009E9207 /* Base */ = {isa = PBXFileReference; lastKnownFileType = file.storyboard; name = Base; path = Base.lproj/Main.storyboard; sourceTree = "<group>"; };
		7335D322204E2F86009E9207 /* Assets.xcassets */ = {isa = PBXFileReference; lastKnownFileType = folder.assetcatalog; path = Assets.xcassets; sourceTree = "<group>"; };
		7335D325204E2F86009E9207 /* Base */ = {isa = PBXFileReference; lastKnownFileType = file.storyboard; name = Base; path = Base.lproj/LaunchScreen.storyboard; sourceTree = "<group>"; };
		7335D327204E2F86009E9207 /* Info.plist */ = {isa = PBXFileReference; lastKnownFileType = text.plist.xml; path = Info.plist; sourceTree = "<group>"; };
		73CDBB6F205BFD6600933763 /* PopVC.swift */ = {isa = PBXFileReference; lastKnownFileType = sourcecode.swift; path = PopVC.swift; sourceTree = "<group>"; };
		A5E94C496A00C2A345D64768 /* Pods-Pixel-City.debug.xcconfig */ = {isa = PBXFileReference; includeInIndex = 1; lastKnownFileType = text.xcconfig; name = "Pods-Pixel-City.debug.xcconfig"; path = "Pods/Target Support Files/Pods-Pixel-City/Pods-Pixel-City.debug.xcconfig"; sourceTree = "<group>"; };
		B2025E62F6238956A317EBFC /* Pods_Pixel_City.framework */ = {isa = PBXFileReference; explicitFileType = wrapper.framework; includeInIndex = 0; path = Pods_Pixel_City.framework; sourceTree = BUILT_PRODUCTS_DIR; };
		D1028D5A32F56FEAE977177A /* Pods-Pixel-City.release.xcconfig */ = {isa = PBXFileReference; includeInIndex = 1; lastKnownFileType = text.xcconfig; name = "Pods-Pixel-City.release.xcconfig"; path = "Pods/Target Support Files/Pods-Pixel-City/Pods-Pixel-City.release.xcconfig"; sourceTree = "<group>"; };
/* End PBXFileReference section */

/* Begin PBXFrameworksBuildPhase section */
		7335D315204E2F86009E9207 /* Frameworks */ = {
			isa = PBXFrameworksBuildPhase;
			buildActionMask = 2147483647;
			files = (
				8894DA2C13D4C5A5DBC36E18 /* Pods_Pixel_City.framework in Frameworks */,
			);
			runOnlyForDeploymentPostprocessing = 0;
		};
/* End PBXFrameworksBuildPhase section */

/* Begin PBXGroup section */
		1D6368CBA32FF757F388E4C9 /* Pods */ = {
			isa = PBXGroup;
			children = (
				A5E94C496A00C2A345D64768 /* Pods-Pixel-City.debug.xcconfig */,
				D1028D5A32F56FEAE977177A /* Pods-Pixel-City.release.xcconfig */,
			);
			name = Pods;
			sourceTree = "<group>";
		};
		7335D30F204E2F86009E9207 = {
			isa = PBXGroup;
			children = (
				7335D31A204E2F86009E9207 /* Pixel-City */,
				7335D319204E2F86009E9207 /* Products */,
				1D6368CBA32FF757F388E4C9 /* Pods */,
				AF9A0D79E3A1E9D192E1E5D1 /* Frameworks */,
			);
			sourceTree = "<group>";
		};
		7335D319204E2F86009E9207 /* Products */ = {
			isa = PBXGroup;
			children = (
				7335D318204E2F86009E9207 /* Pixel-City.app */,
			);
			name = Products;
			sourceTree = "<group>";
		};
		7335D31A204E2F86009E9207 /* Pixel-City */ = {
			isa = PBXGroup;
			children = (
				7335D330204E2FC1009E9207 /* Utilities */,
				7335D32F204E2FB5009E9207 /* Extensions */,
				7335D32E204E2FAD009E9207 /* View */,
				7335D32D204E2FA3009E9207 /* Controller */,
				7335D31B204E2F86009E9207 /* AppDelegate.swift */,
				7335D31F204E2F86009E9207 /* Main.storyboard */,
				7335D322204E2F86009E9207 /* Assets.xcassets */,
				7335D324204E2F86009E9207 /* LaunchScreen.storyboard */,
				7335D327204E2F86009E9207 /* Info.plist */,
			);
			path = "Pixel-City";
			sourceTree = "<group>";
		};
		7335D32D204E2FA3009E9207 /* Controller */ = {
			isa = PBXGroup;
			children = (
				7335D31D204E2F86009E9207 /* MapVC.swift */,
				73CDBB6F205BFD6600933763 /* PopVC.swift */,
			);
			path = Controller;
			sourceTree = "<group>";
		};
		7335D32E204E2FAD009E9207 /* View */ = {
			isa = PBXGroup;
			children = (
				731154E02051817000514B6C /* DroppablePin.swift */,
				73312F0820545EFC003D1885 /* PhotoCell.swift */,
			);
			path = View;
			sourceTree = "<group>";
		};
		7335D32F204E2FB5009E9207 /* Extensions */ = {
			isa = PBXGroup;
			children = (
			);
			path = Extensions;
			sourceTree = "<group>";
		};
		7335D330204E2FC1009E9207 /* Utilities */ = {
			isa = PBXGroup;
			children = (
				73312F0620545EE0003D1885 /* Constants.swift */,
			);
			path = Utilities;
			sourceTree = "<group>";
		};
		AF9A0D79E3A1E9D192E1E5D1 /* Frameworks */ = {
			isa = PBXGroup;
			children = (
				B2025E62F6238956A317EBFC /* Pods_Pixel_City.framework */,
			);
			name = Frameworks;
			sourceTree = "<group>";
		};
/* End PBXGroup section */

/* Begin PBXNativeTarget section */
		7335D317204E2F86009E9207 /* Pixel-City */ = {
			isa = PBXNativeTarget;
			buildConfigurationList = 7335D32A204E2F86009E9207 /* Build configuration list for PBXNativeTarget "Pixel-City" */;
			buildPhases = (
				31D98F4768CA9719B63D499F /* [CP] Check Pods Manifest.lock */,
				7335D314204E2F86009E9207 /* Sources */,
				7335D315204E2F86009E9207 /* Frameworks */,
				7335D316204E2F86009E9207 /* Resources */,
				F66CF8B883024D32CE827DA6 /* [CP] Embed Pods Frameworks */,
				3A210487BEB53AC78DD6BBA0 /* [CP] Copy Pods Resources */,
			);
			buildRules = (
			);
			dependencies = (
			);
			name = "Pixel-City";
			productName = "Pixel-City";
			productReference = 7335D318204E2F86009E9207 /* Pixel-City.app */;
			productType = "com.apple.product-type.application";
		};
/* End PBXNativeTarget section */

/* Begin PBXProject section */
		7335D310204E2F86009E9207 /* Project object */ = {
			isa = PBXProject;
			attributes = {
				LastSwiftUpdateCheck = 0920;
				LastUpgradeCheck = 0920;
				ORGANIZATIONNAME = "Clarke Enterprises";
				TargetAttributes = {
					7335D317204E2F86009E9207 = {
						CreatedOnToolsVersion = 9.2;
						ProvisioningStyle = Automatic;
					};
				};
			};
			buildConfigurationList = 7335D313204E2F86009E9207 /* Build configuration list for PBXProject "Pixel-City" */;
			compatibilityVersion = "Xcode 8.0";
			developmentRegion = en;
			hasScannedForEncodings = 0;
			knownRegions = (
				en,
				Base,
			);
			mainGroup = 7335D30F204E2F86009E9207;
			productRefGroup = 7335D319204E2F86009E9207 /* Products */;
			projectDirPath = "";
			projectRoot = "";
			targets = (
				7335D317204E2F86009E9207 /* Pixel-City */,
			);
		};
/* End PBXProject section */

/* Begin PBXResourcesBuildPhase section */
		7335D316204E2F86009E9207 /* Resources */ = {
			isa = PBXResourcesBuildPhase;
			buildActionMask = 2147483647;
			files = (
				7335D326204E2F86009E9207 /* LaunchScreen.storyboard in Resources */,
				7335D323204E2F86009E9207 /* Assets.xcassets in Resources */,
				7335D321204E2F86009E9207 /* Main.storyboard in Resources */,
			);
			runOnlyForDeploymentPostprocessing = 0;
		};
/* End PBXResourcesBuildPhase section */

/* Begin PBXShellScriptBuildPhase section */
		31D98F4768CA9719B63D499F /* [CP] Check Pods Manifest.lock */ = {
			isa = PBXShellScriptBuildPhase;
			buildActionMask = 2147483647;
			files = (
			);
			inputPaths = (
				"${PODS_PODFILE_DIR_PATH}/Podfile.lock",
				"${PODS_ROOT}/Manifest.lock",
			);
			name = "[CP] Check Pods Manifest.lock";
			outputPaths = (
				"$(DERIVED_FILE_DIR)/Pods-Pixel-City-checkManifestLockResult.txt",
			);
			runOnlyForDeploymentPostprocessing = 0;
			shellPath = /bin/sh;
			shellScript = "diff \"${PODS_PODFILE_DIR_PATH}/Podfile.lock\" \"${PODS_ROOT}/Manifest.lock\" > /dev/null\nif [ $? != 0 ] ; then\n    # print error to STDERR\n    echo \"error: The sandbox is not in sync with the Podfile.lock. Run 'pod install' or update your CocoaPods installation.\" >&2\n    exit 1\nfi\n# This output is used by Xcode 'outputs' to avoid re-running this script phase.\necho \"SUCCESS\" > \"${SCRIPT_OUTPUT_FILE_0}\"\n";
			showEnvVarsInLog = 0;
		};
		3A210487BEB53AC78DD6BBA0 /* [CP] Copy Pods Resources */ = {
			isa = PBXShellScriptBuildPhase;
			buildActionMask = 2147483647;
			files = (
			);
			inputPaths = (
			);
			name = "[CP] Copy Pods Resources";
			outputPaths = (
			);
			runOnlyForDeploymentPostprocessing = 0;
			shellPath = /bin/sh;
			shellScript = "\"${SRCROOT}/Pods/Target Support Files/Pods-Pixel-City/Pods-Pixel-City-resources.sh\"\n";
			showEnvVarsInLog = 0;
		};
		F66CF8B883024D32CE827DA6 /* [CP] Embed Pods Frameworks */ = {
			isa = PBXShellScriptBuildPhase;
			buildActionMask = 2147483647;
			files = (
			);
			inputPaths = (
				"${SRCROOT}/Pods/Target Support Files/Pods-Pixel-City/Pods-Pixel-City-frameworks.sh",
				"${BUILT_PRODUCTS_DIR}/Alamofire/Alamofire.framework",
				"${BUILT_PRODUCTS_DIR}/AlamofireImage/AlamofireImage.framework",
			);
			name = "[CP] Embed Pods Frameworks";
			outputPaths = (
				"${TARGET_BUILD_DIR}/${FRAMEWORKS_FOLDER_PATH}/Alamofire.framework",
				"${TARGET_BUILD_DIR}/${FRAMEWORKS_FOLDER_PATH}/AlamofireImage.framework",
			);
			runOnlyForDeploymentPostprocessing = 0;
			shellPath = /bin/sh;
			shellScript = "\"${SRCROOT}/Pods/Target Support Files/Pods-Pixel-City/Pods-Pixel-City-frameworks.sh\"\n";
			showEnvVarsInLog = 0;
		};
/* End PBXShellScriptBuildPhase section */

/* Begin PBXSourcesBuildPhase section */
		7335D314204E2F86009E9207 /* Sources */ = {
			isa = PBXSourcesBuildPhase;
			buildActionMask = 2147483647;
			files = (
				73CDBB70205BFD6600933763 /* PopVC.swift in Sources */,
				7335D31E204E2F86009E9207 /* MapVC.swift in Sources */,
				73312F0920545EFC003D1885 /* PhotoCell.swift in Sources */,
				731154E12051817000514B6C /* DroppablePin.swift in Sources */,
				7335D31C204E2F86009E9207 /* AppDelegate.swift in Sources */,
				73312F0720545EE0003D1885 /* Constants.swift in Sources */,
			);
			runOnlyForDeploymentPostprocessing = 0;
		};
/* End PBXSourcesBuildPhase section */

/* Begin PBXVariantGroup section */
		7335D31F204E2F86009E9207 /* Main.storyboard */ = {
			isa = PBXVariantGroup;
			children = (
				7335D320204E2F86009E9207 /* Base */,
			);
			name = Main.storyboard;
			sourceTree = "<group>";
		};
		7335D324204E2F86009E9207 /* LaunchScreen.storyboard */ = {
			isa = PBXVariantGroup;
			children = (
				7335D325204E2F86009E9207 /* Base */,
			);
			name = LaunchScreen.storyboard;
			sourceTree = "<group>";
		};
/* End PBXVariantGroup section */

/* Begin XCBuildConfiguration section */
		7335D328204E2F86009E9207 /* Debug */ = {
			isa = XCBuildConfiguration;
			buildSettings = {
				ALWAYS_SEARCH_USER_PATHS = NO;
				CLANG_ANALYZER_NONNULL = YES;
				CLANG_ANALYZER_NUMBER_OBJECT_CONVERSION = YES_AGGRESSIVE;
				CLANG_CXX_LANGUAGE_STANDARD = "gnu++14";
				CLANG_CXX_LIBRARY = "libc++";
				CLANG_ENABLE_MODULES = YES;
				CLANG_ENABLE_OBJC_ARC = YES;
				CLANG_WARN_BLOCK_CAPTURE_AUTORELEASING = YES;
				CLANG_WARN_BOOL_CONVERSION = YES;
				CLANG_WARN_COMMA = YES;
				CLANG_WARN_CONSTANT_CONVERSION = YES;
				CLANG_WARN_DIRECT_OBJC_ISA_USAGE = YES_ERROR;
				CLANG_WARN_DOCUMENTATION_COMMENTS = YES;
				CLANG_WARN_EMPTY_BODY = YES;
				CLANG_WARN_ENUM_CONVERSION = YES;
				CLANG_WARN_INFINITE_RECURSION = YES;
				CLANG_WARN_INT_CONVERSION = YES;
				CLANG_WARN_NON_LITERAL_NULL_CONVERSION = YES;
				CLANG_WARN_OBJC_LITERAL_CONVERSION = YES;
				CLANG_WARN_OBJC_ROOT_CLASS = YES_ERROR;
				CLANG_WARN_RANGE_LOOP_ANALYSIS = YES;
				CLANG_WARN_STRICT_PROTOTYPES = YES;
				CLANG_WARN_SUSPICIOUS_MOVE = YES;
				CLANG_WARN_UNGUARDED_AVAILABILITY = YES_AGGRESSIVE;
				CLANG_WARN_UNREACHABLE_CODE = YES;
				CLANG_WARN__DUPLICATE_METHOD_MATCH = YES;
				CODE_SIGN_IDENTITY = "iPhone Developer";
				COPY_PHASE_STRIP = NO;
				DEBUG_INFORMATION_FORMAT = dwarf;
				ENABLE_STRICT_OBJC_MSGSEND = YES;
				ENABLE_TESTABILITY = YES;
				GCC_C_LANGUAGE_STANDARD = gnu11;
				GCC_DYNAMIC_NO_PIC = NO;
				GCC_NO_COMMON_BLOCKS = YES;
				GCC_OPTIMIZATION_LEVEL = 0;
				GCC_PREPROCESSOR_DEFINITIONS = (
					"DEBUG=1",
					"$(inherited)",
				);
				GCC_WARN_64_TO_32_BIT_CONVERSION = YES;
				GCC_WARN_ABOUT_RETURN_TYPE = YES_ERROR;
				GCC_WARN_UNDECLARED_SELECTOR = YES;
				GCC_WARN_UNINITIALIZED_AUTOS = YES_AGGRESSIVE;
				GCC_WARN_UNUSED_FUNCTION = YES;
				GCC_WARN_UNUSED_VARIABLE = YES;
				IPHONEOS_DEPLOYMENT_TARGET = 11.2;
				MTL_ENABLE_DEBUG_INFO = YES;
				ONLY_ACTIVE_ARCH = YES;
				SDKROOT = iphoneos;
				SWIFT_ACTIVE_COMPILATION_CONDITIONS = DEBUG;
				SWIFT_OPTIMIZATION_LEVEL = "-Onone";
			};
			name = Debug;
		};
		7335D329204E2F86009E9207 /* Release */ = {
			isa = XCBuildConfiguration;
			buildSettings = {
				ALWAYS_SEARCH_USER_PATHS = NO;
				CLANG_ANALYZER_NONNULL = YES;
				CLANG_ANALYZER_NUMBER_OBJECT_CONVERSION = YES_AGGRESSIVE;
				CLANG_CXX_LANGUAGE_STANDARD = "gnu++14";
				CLANG_CXX_LIBRARY = "libc++";
				CLANG_ENABLE_MODULES = YES;
				CLANG_ENABLE_OBJC_ARC = YES;
				CLANG_WARN_BLOCK_CAPTURE_AUTORELEASING = YES;
				CLANG_WARN_BOOL_CONVERSION = YES;
				CLANG_WARN_COMMA = YES;
				CLANG_WARN_CONSTANT_CONVERSION = YES;
				CLANG_WARN_DIRECT_OBJC_ISA_USAGE = YES_ERROR;
				CLANG_WARN_DOCUMENTATION_COMMENTS = YES;
				CLANG_WARN_EMPTY_BODY = YES;
				CLANG_WARN_ENUM_CONVERSION = YES;
				CLANG_WARN_INFINITE_RECURSION = YES;
				CLANG_WARN_INT_CONVERSION = YES;
				CLANG_WARN_NON_LITERAL_NULL_CONVERSION = YES;
				CLANG_WARN_OBJC_LITERAL_CONVERSION = YES;
				CLANG_WARN_OBJC_ROOT_CLASS = YES_ERROR;
				CLANG_WARN_RANGE_LOOP_ANALYSIS = YES;
				CLANG_WARN_STRICT_PROTOTYPES = YES;
				CLANG_WARN_SUSPICIOUS_MOVE = YES;
				CLANG_WARN_UNGUARDED_AVAILABILITY = YES_AGGRESSIVE;
				CLANG_WARN_UNREACHABLE_CODE = YES;
				CLANG_WARN__DUPLICATE_METHOD_MATCH = YES;
				CODE_SIGN_IDENTITY = "iPhone Developer";
				COPY_PHASE_STRIP = NO;
				DEBUG_INFORMATION_FORMAT = "dwarf-with-dsym";
				ENABLE_NS_ASSERTIONS = NO;
				ENABLE_STRICT_OBJC_MSGSEND = YES;
				GCC_C_LANGUAGE_STANDARD = gnu11;
				GCC_NO_COMMON_BLOCKS = YES;
				GCC_WARN_64_TO_32_BIT_CONVERSION = YES;
				GCC_WARN_ABOUT_RETURN_TYPE = YES_ERROR;
				GCC_WARN_UNDECLARED_SELECTOR = YES;
				GCC_WARN_UNINITIALIZED_AUTOS = YES_AGGRESSIVE;
				GCC_WARN_UNUSED_FUNCTION = YES;
				GCC_WARN_UNUSED_VARIABLE = YES;
				IPHONEOS_DEPLOYMENT_TARGET = 11.2;
				MTL_ENABLE_DEBUG_INFO = NO;
				SDKROOT = iphoneos;
				SWIFT_OPTIMIZATION_LEVEL = "-Owholemodule";
				VALIDATE_PRODUCT = YES;
			};
			name = Release;
		};
		7335D32B204E2F86009E9207 /* Debug */ = {
			isa = XCBuildConfiguration;
			baseConfigurationReference = A5E94C496A00C2A345D64768 /* Pods-Pixel-City.debug.xcconfig */;
			buildSettings = {
				ASSETCATALOG_COMPILER_APPICON_NAME = AppIcon;
				CODE_SIGN_STYLE = Automatic;
				DEVELOPMENT_TEAM = F75BW287FH;
				INFOPLIST_FILE = "Pixel-City/Info.plist";
				LD_RUNPATH_SEARCH_PATHS = "$(inherited) @executable_path/Frameworks";
				PRODUCT_BUNDLE_IDENTIFIER = "com.ChetwynClarke.Pixel-City";
				PRODUCT_NAME = "$(TARGET_NAME)";
				SWIFT_VERSION = 4.0;
				TARGETED_DEVICE_FAMILY = "1,2";
			};
			name = Debug;
		};
		7335D32C204E2F86009E9207 /* Release */ = {
			isa = XCBuildConfiguration;
			baseConfigurationReference = D1028D5A32F56FEAE977177A /* Pods-Pixel-City.release.xcconfig */;
			buildSettings = {
				ASSETCATALOG_COMPILER_APPICON_NAME = AppIcon;
				CODE_SIGN_STYLE = Automatic;
				DEVELOPMENT_TEAM = F75BW287FH;
				INFOPLIST_FILE = "Pixel-City/Info.plist";
				LD_RUNPATH_SEARCH_PATHS = "$(inherited) @executable_path/Frameworks";
				PRODUCT_BUNDLE_IDENTIFIER = "com.ChetwynClarke.Pixel-City";
				PRODUCT_NAME = "$(TARGET_NAME)";
				SWIFT_VERSION = 4.0;
				TARGETED_DEVICE_FAMILY = "1,2";
			};
			name = Release;
		};
/* End XCBuildConfiguration section */

/* Begin XCConfigurationList section */
		7335D313204E2F86009E9207 /* Build configuration list for PBXProject "Pixel-City" */ = {
			isa = XCConfigurationList;
			buildConfigurations = (
				7335D328204E2F86009E9207 /* Debug */,
				7335D329204E2F86009E9207 /* Release */,
			);
			defaultConfigurationIsVisible = 0;
			defaultConfigurationName = Release;
		};
		7335D32A204E2F86009E9207 /* Build configuration list for PBXNativeTarget "Pixel-City" */ = {
			isa = XCConfigurationList;
			buildConfigurations = (
				7335D32B204E2F86009E9207 /* Debug */,
				7335D32C204E2F86009E9207 /* Release */,
			);
			defaultConfigurationIsVisible = 0;
			defaultConfigurationName = Release;
		};
/* End XCConfigurationList section */
	};
	rootObject = 7335D310204E2F86009E9207 /* Project object */;
}
